
Microsoft Visual Studio Solution File, Format Version 12.00
# Visual Studio Version 16
VisualStudioVersion = 16.0.31515.178
MinimumVisualStudioVersion = 10.0.40219.1
Project("{FAE04EC0-301F-11D3-BF4B-00C04F79EFBC}") = "RentACar", "RentACar\RentACar.csproj", "{1EF313E3-321F-4BD7-95D2-E6A8D3124A6F}"
EndProject
Global
	GlobalSection(SolutionConfigurationPlatforms) = preSolution
		Debug|Any CPU = Debug|Any CPU
		Release|Any CPU = Release|Any CPU
	EndGlobalSection
	GlobalSection(ProjectConfigurationPlatforms) = postSolution
		{1EF313E3-321F-4BD7-95D2-E6A8D3124A6F}.Debug|Any CPU.ActiveCfg = Debug|Any CPU
		{1EF313E3-321F-4BD7-95D2-E6A8D3124A6F}.Debug|Any CPU.Build.0 = Debug|Any CPU
		{1EF313E3-321F-4BD7-95D2-E6A8D3124A6F}.Release|Any CPU.ActiveCfg = Release|Any CPU
		{1EF313E3-321F-4BD7-95D2-E6A8D3124A6F}.Release|Any CPU.Build.0 = Release|Any CPU
	EndGlobalSection
	GlobalSection(SolutionProperties) = preSolution
		HideSolutionNode = FALSE
	EndGlobalSection
	GlobalSection(ExtensibilityGlobals) = postSolution
		SolutionGuid = {9CDD95BD-4DF5-4ADA-B093-233F8BD0C809}
	EndGlobalSection
EndGlobal
